// !$*UTF8*$!
{
	archiveVersion = 1;
	classes = {
	};
	objectVersion = 46;
	objects = {

/* Begin PBXBuildFile section */
		F21EFCA5147E401C00ED7E62 /* UIKit.framework in Frameworks */ = {isa = PBXBuildFile; fileRef = F21EFCA4147E401C00ED7E62 /* UIKit.framework */; };
		F21EFCA7147E401C00ED7E62 /* Foundation.framework in Frameworks */ = {isa = PBXBuildFile; fileRef = F21EFCA6147E401C00ED7E62 /* Foundation.framework */; };
		F21EFCA9147E401C00ED7E62 /* CoreGraphics.framework in Frameworks */ = {isa = PBXBuildFile; fileRef = F21EFCA8147E401C00ED7E62 /* CoreGraphics.framework */; };
		F21EFCAF147E401C00ED7E62 /* InfoPlist.strings in Resources */ = {isa = PBXBuildFile; fileRef = F21EFCAD147E401C00ED7E62 /* InfoPlist.strings */; };
		F21EFCB1147E401C00ED7E62 /* main.m in Sources */ = {isa = PBXBuildFile; fileRef = F21EFCB0147E401C00ED7E62 /* main.m */; };
		F21EFCB5147E401C00ED7E62 /* AppDelegate.m in Sources */ = {isa = PBXBuildFile; fileRef = F21EFCB4147E401C00ED7E62 /* AppDelegate.m */; };
		F21EFCB8147E401C00ED7E62 /* MainStoryboard.storyboard in Resources */ = {isa = PBXBuildFile; fileRef = F21EFCB6147E401C00ED7E62 /* MainStoryboard.storyboard */; };
		F21EFCC3147E404800ED7E62 /* RootTableViewController.m in Sources */ = {isa = PBXBuildFile; fileRef = F21EFCC2147E404800ED7E62 /* RootTableViewController.m */; };
		F21EFCD3147E417F00ED7E62 /* iOSRefreshTableView.m in Sources */ = {isa = PBXBuildFile; fileRef = F21EFCC6147E417F00ED7E62 /* iOSRefreshTableView.m */; };
		F21EFCD4147E417F00ED7E62 /* iOSRefreshTableHeaderView.m in Sources */ = {isa = PBXBuildFile; fileRef = F21EFCC9147E417F00ED7E62 /* iOSRefreshTableHeaderView.m */; };
		F21EFCD5147E417F00ED7E62 /* blackArrow.png in Resources */ = {isa = PBXBuildFile; fileRef = F21EFCCB147E417F00ED7E62 /* blackArrow.png */; };
		F21EFCD6147E417F00ED7E62 /* blackArrow@2x.png in Resources */ = {isa = PBXBuildFile; fileRef = F21EFCCC147E417F00ED7E62 /* blackArrow@2x.png */; };
		F21EFCD7147E417F00ED7E62 /* blueArrow.png in Resources */ = {isa = PBXBuildFile; fileRef = F21EFCCD147E417F00ED7E62 /* blueArrow.png */; };
		F21EFCD8147E417F00ED7E62 /* blueArrow@2x.png in Resources */ = {isa = PBXBuildFile; fileRef = F21EFCCE147E417F00ED7E62 /* blueArrow@2x.png */; };
		F21EFCD9147E417F00ED7E62 /* grayArrow.png in Resources */ = {isa = PBXBuildFile; fileRef = F21EFCCF147E417F00ED7E62 /* grayArrow.png */; };
		F21EFCDA147E417F00ED7E62 /* grayArrow@2x.png in Resources */ = {isa = PBXBuildFile; fileRef = F21EFCD0147E417F00ED7E62 /* grayArrow@2x.png */; };
		F21EFCDB147E417F00ED7E62 /* whiteArrow.png in Resources */ = {isa = PBXBuildFile; fileRef = F21EFCD1147E417F00ED7E62 /* whiteArrow.png */; };
		F21EFCDC147E417F00ED7E62 /* whiteArrow@2x.png in Resources */ = {isa = PBXBuildFile; fileRef = F21EFCD2147E417F00ED7E62 /* whiteArrow@2x.png */; };
		F21EFCE0147E41FE00ED7E62 /* QuartzCore.framework in Frameworks */ = {isa = PBXBuildFile; fileRef = F21EFCDF147E41FE00ED7E62 /* QuartzCore.framework */; };
/* End PBXBuildFile section */

/* Begin PBXFileReference section */
		F21EFCA0147E401C00ED7E62 /* PullDemo.app */ = {isa = PBXFileReference; explicitFileType = wrapper.application; includeInIndex = 0; path = PullDemo.app; sourceTree = BUILT_PRODUCTS_DIR; };
		F21EFCA4147E401C00ED7E62 /* UIKit.framework */ = {isa = PBXFileReference; lastKnownFileType = wrapper.framework; name = UIKit.framework; path = System/Library/Frameworks/UIKit.framework; sourceTree = SDKROOT; };
		F21EFCA6147E401C00ED7E62 /* Foundation.framework */ = {isa = PBXFileReference; lastKnownFileType = wrapper.framework; name = Foundation.framework; path = System/Library/Frameworks/Foundation.framework; sourceTree = SDKROOT; };
		F21EFCA8147E401C00ED7E62 /* CoreGraphics.framework */ = {isa = PBXFileReference; lastKnownFileType = wrapper.framework; name = CoreGraphics.framework; path = System/Library/Frameworks/CoreGraphics.framework; sourceTree = SDKROOT; };
		F21EFCAC147E401C00ED7E62 /* PullDemo-Info.plist */ = {isa = PBXFileReference; lastKnownFileType = text.plist.xml; path = "PullDemo-Info.plist"; sourceTree = "<group>"; };
		F21EFCAE147E401C00ED7E62 /* en */ = {isa = PBXFileReference; lastKnownFileType = text.plist.strings; name = en; path = en.lproj/InfoPlist.strings; sourceTree = "<group>"; };
		F21EFCB0147E401C00ED7E62 /* main.m */ = {isa = PBXFileReference; lastKnownFileType = sourcecode.c.objc; path = main.m; sourceTree = "<group>"; };
		F21EFCB2147E401C00ED7E62 /* PullDemo-Prefix.pch */ = {isa = PBXFileReference; lastKnownFileType = sourcecode.c.h; path = "PullDemo-Prefix.pch"; sourceTree = "<group>"; };
		F21EFCB3147E401C00ED7E62 /* AppDelegate.h */ = {isa = PBXFileReference; lastKnownFileType = sourcecode.c.h; path = AppDelegate.h; sourceTree = "<group>"; };
		F21EFCB4147E401C00ED7E62 /* AppDelegate.m */ = {isa = PBXFileReference; lastKnownFileType = sourcecode.c.objc; path = AppDelegate.m; sourceTree = "<group>"; };
		F21EFCB7147E401C00ED7E62 /* en */ = {isa = PBXFileReference; lastKnownFileType = file.storyboard; name = en; path = en.lproj/MainStoryboard.storyboard; sourceTree = "<group>"; };
		F21EFCC1147E404800ED7E62 /* RootTableViewController.h */ = {isa = PBXFileReference; fileEncoding = 4; lastKnownFileType = sourcecode.c.h; path = RootTableViewController.h; sourceTree = "<group>"; };
		F21EFCC2147E404800ED7E62 /* RootTableViewController.m */ = {isa = PBXFileReference; fileEncoding = 4; lastKnownFileType = sourcecode.c.objc; path = RootTableViewController.m; sourceTree = "<group>"; };
		F21EFCC5147E417F00ED7E62 /* iOSRefreshTableView.h */ = {isa = PBXFileReference; fileEncoding = 4; path = iOSRefreshTableView.h; sourceTree = "<group>"; };
		F21EFCC6147E417F00ED7E62 /* iOSRefreshTableView.m */ = {isa = PBXFileReference; fileEncoding = 4; lastKnownFileType = sourcecode.c.objc; path = iOSRefreshTableView.m; sourceTree = "<group>"; };
		F21EFCC8147E417F00ED7E62 /* iOSRefreshTableHeaderView.h */ = {isa = PBXFileReference; fileEncoding = 4; lastKnownFileType = sourcecode.c.h; path = iOSRefreshTableHeaderView.h; sourceTree = "<group>"; };
		F21EFCC9147E417F00ED7E62 /* iOSRefreshTableHeaderView.m */ = {isa = PBXFileReference; fileEncoding = 4; lastKnownFileType = sourcecode.c.objc; path = iOSRefreshTableHeaderView.m; sourceTree = "<group>"; };
		F21EFCCB147E417F00ED7E62 /* blackArrow.png */ = {isa = PBXFileReference; lastKnownFileType = image.png; path = blackArrow.png; sourceTree = "<group>"; };
		F21EFCCC147E417F00ED7E62 /* blackArrow@2x.png */ = {isa = PBXFileReference; lastKnownFileType = image.png; path = "blackArrow@2x.png"; sourceTree = "<group>"; };
		F21EFCCD147E417F00ED7E62 /* blueArrow.png */ = {isa = PBXFileReference; lastKnownFileType = image.png; path = blueArrow.png; sourceTree = "<group>"; };
		F21EFCCE147E417F00ED7E62 /* blueArrow@2x.png */ = {isa = PBXFileReference; lastKnownFileType = image.png; path = "blueArrow@2x.png"; sourceTree = "<group>"; };
		F21EFCCF147E417F00ED7E62 /* grayArrow.png */ = {isa = PBXFileReference; lastKnownFileType = image.png; path = grayArrow.png; sourceTree = "<group>"; };
		F21EFCD0147E417F00ED7E62 /* grayArrow@2x.png */ = {isa = PBXFileReference; lastKnownFileType = image.png; path = "grayArrow@2x.png"; sourceTree = "<group>"; };
		F21EFCD1147E417F00ED7E62 /* whiteArrow.png */ = {isa = PBXFileReference; lastKnownFileType = image.png; path = whiteArrow.png; sourceTree = "<group>"; };
		F21EFCD2147E417F00ED7E62 /* whiteArrow@2x.png */ = {isa = PBXFileReference; lastKnownFileType = image.png; path = "whiteArrow@2x.png"; sourceTree = "<group>"; };
		F21EFCDF147E41FE00ED7E62 /* QuartzCore.framework */ = {isa = PBXFileReference; lastKnownFileType = wrapper.framework; name = QuartzCore.framework; path = System/Library/Frameworks/QuartzCore.framework; sourceTree = SDKROOT; };
/* End PBXFileReference section */

/* Begin PBXFrameworksBuildPhase section */
		F21EFC9D147E401C00ED7E62 /* Frameworks */ = {
			isa = PBXFrameworksBuildPhase;
			buildActionMask = 2147483647;
			files = (
				F21EFCE0147E41FE00ED7E62 /* QuartzCore.framework in Frameworks */,
				F21EFCA5147E401C00ED7E62 /* UIKit.framework in Frameworks */,
				F21EFCA7147E401C00ED7E62 /* Foundation.framework in Frameworks */,
				F21EFCA9147E401C00ED7E62 /* CoreGraphics.framework in Frameworks */,
			);
			runOnlyForDeploymentPostprocessing = 0;
		};
/* End PBXFrameworksBuildPhase section */

/* Begin PBXGroup section */
		F21EFC95147E401B00ED7E62 = {
			isa = PBXGroup;
			children = (
				F21EFCAA147E401C00ED7E62 /* PullDemo */,
				F21EFCA3147E401C00ED7E62 /* Frameworks */,
				F21EFCA1147E401C00ED7E62 /* Products */,
			);
			sourceTree = "<group>";
		};
		F21EFCA1147E401C00ED7E62 /* Products */ = {
			isa = PBXGroup;
			children = (
				F21EFCA0147E401C00ED7E62 /* PullDemo.app */,
			);
			name = Products;
			sourceTree = "<group>";
		};
		F21EFCA3147E401C00ED7E62 /* Frameworks */ = {
			isa = PBXGroup;
			children = (
				F21EFCDF147E41FE00ED7E62 /* QuartzCore.framework */,
				F21EFCA4147E401C00ED7E62 /* UIKit.framework */,
				F21EFCA6147E401C00ED7E62 /* Foundation.framework */,
				F21EFCA8147E401C00ED7E62 /* CoreGraphics.framework */,
			);
			name = Frameworks;
			sourceTree = "<group>";
		};
		F21EFCAA147E401C00ED7E62 /* PullDemo */ = {
			isa = PBXGroup;
			children = (
				F21EFCC4147E417F00ED7E62 /* Classes */,
				F21EFCCA147E417F00ED7E62 /* Resources */,
				F21EFCB3147E401C00ED7E62 /* AppDelegate.h */,
				F21EFCB4147E401C00ED7E62 /* AppDelegate.m */,
				F21EFCB6147E401C00ED7E62 /* MainStoryboard.storyboard */,
				F21EFCAB147E401C00ED7E62 /* Supporting Files */,
				F21EFCC1147E404800ED7E62 /* RootTableViewController.h */,
				F21EFCC2147E404800ED7E62 /* RootTableViewController.m */,
			);
			path = PullDemo;
			sourceTree = "<group>";
		};
		F21EFCAB147E401C00ED7E62 /* Supporting Files */ = {
			isa = PBXGroup;
			children = (
				F21EFCAC147E401C00ED7E62 /* PullDemo-Info.plist */,
				F21EFCAD147E401C00ED7E62 /* InfoPlist.strings */,
				F21EFCB0147E401C00ED7E62 /* main.m */,
				F21EFCB2147E401C00ED7E62 /* PullDemo-Prefix.pch */,
			);
			name = "Supporting Files";
			sourceTree = "<group>";
		};
		F21EFCC4147E417F00ED7E62 /* Classes */ = {
			isa = PBXGroup;
			children = (
				F21EFCC5147E417F00ED7E62 /* iOSRefreshTableView.h */,
				F21EFCC6147E417F00ED7E62 /* iOSRefreshTableView.m */,
				F21EFCC7147E417F00ED7E62 /* View */,
			);
			path = Classes;
			sourceTree = "<group>";
		};
		F21EFCC7147E417F00ED7E62 /* View */ = {
			isa = PBXGroup;
			children = (
				F21EFCC8147E417F00ED7E62 /* iOSRefreshTableHeaderView.h */,
				F21EFCC9147E417F00ED7E62 /* iOSRefreshTableHeaderView.m */,
			);
			path = View;
			sourceTree = "<group>";
		};
		F21EFCCA147E417F00ED7E62 /* Resources */ = {
			isa = PBXGroup;
			children = (
				F21EFCCB147E417F00ED7E62 /* blackArrow.png */,
				F21EFCCC147E417F00ED7E62 /* blackArrow@2x.png */,
				F21EFCCD147E417F00ED7E62 /* blueArrow.png */,
				F21EFCCE147E417F00ED7E62 /* blueArrow@2x.png */,
				F21EFCCF147E417F00ED7E62 /* grayArrow.png */,
				F21EFCD0147E417F00ED7E62 /* grayArrow@2x.png */,
				F21EFCD1147E417F00ED7E62 /* whiteArrow.png */,
				F21EFCD2147E417F00ED7E62 /* whiteArrow@2x.png */,
			);
			path = Resources;
			sourceTree = "<group>";
		};
/* End PBXGroup section */

/* Begin PBXNativeTarget section */
		F21EFC9F147E401C00ED7E62 /* PullDemo */ = {
			isa = PBXNativeTarget;
			buildConfigurationList = F21EFCBE147E401C00ED7E62 /* Build configuration list for PBXNativeTarget "PullDemo" */;
			buildPhases = (
				F21EFC9C147E401C00ED7E62 /* Sources */,
				F21EFC9D147E401C00ED7E62 /* Frameworks */,
				F21EFC9E147E401C00ED7E62 /* Resources */,
			);
			buildRules = (
			);
			dependencies = (
			);
			name = PullDemo;
			productName = PullDemo;
			productReference = F21EFCA0147E401C00ED7E62 /* PullDemo.app */;
			productType = "com.apple.product-type.application";
		};
/* End PBXNativeTarget section */

/* Begin PBXProject section */
		F21EFC97147E401B00ED7E62 /* Project object */ = {
			isa = PBXProject;
			attributes = {
				LastUpgradeCheck = 0420;
				ORGANIZATIONNAME = watsy;
			};
			buildConfigurationList = F21EFC9A147E401B00ED7E62 /* Build configuration list for PBXProject "PullDemo" */;
			compatibilityVersion = "Xcode 3.2";
			developmentRegion = English;
			hasScannedForEncodings = 0;
			knownRegions = (
				en,
			);
			mainGroup = F21EFC95147E401B00ED7E62;
			productRefGroup = F21EFCA1147E401C00ED7E62 /* Products */;
			projectDirPath = "";
			projectRoot = "";
			targets = (
				F21EFC9F147E401C00ED7E62 /* PullDemo */,
			);
		};
/* End PBXProject section */

/* Begin PBXResourcesBuildPhase section */
		F21EFC9E147E401C00ED7E62 /* Resources */ = {
			isa = PBXResourcesBuildPhase;
			buildActionMask = 2147483647;
			files = (
				F21EFCAF147E401C00ED7E62 /* InfoPlist.strings in Resources */,
				F21EFCB8147E401C00ED7E62 /* MainStoryboard.storyboard in Resources */,
				F21EFCD5147E417F00ED7E62 /* blackArrow.png in Resources */,
				F21EFCD6147E417F00ED7E62 /* blackArrow@2x.png in Resources */,
				F21EFCD7147E417F00ED7E62 /* blueArrow.png in Resources */,
				F21EFCD8147E417F00ED7E62 /* blueArrow@2x.png in Resources */,
				F21EFCD9147E417F00ED7E62 /* grayArrow.png in Resources */,
				F21EFCDA147E417F00ED7E62 /* grayArrow@2x.png in Resources */,
				F21EFCDB147E417F00ED7E62 /* whiteArrow.png in Resources */,
				F21EFCDC147E417F00ED7E62 /* whiteArrow@2x.png in Resources */,
			);
			runOnlyForDeploymentPostprocessing = 0;
		};
/* End PBXResourcesBuildPhase section */

/* Begin PBXSourcesBuildPhase section */
		F21EFC9C147E401C00ED7E62 /* Sources */ = {
			isa = PBXSourcesBuildPhase;
			buildActionMask = 2147483647;
			files = (
				F21EFCB1147E401C00ED7E62 /* main.m in Sources */,
				F21EFCB5147E401C00ED7E62 /* AppDelegate.m in Sources */,
				F21EFCC3147E404800ED7E62 /* RootTableViewController.m in Sources */,
				F21EFCD3147E417F00ED7E62 /* iOSRefreshTableView.m in Sources */,
				F21EFCD4147E417F00ED7E62 /* iOSRefreshTableHeaderView.m in Sources */,
			);
			runOnlyForDeploymentPostprocessing = 0;
		};
/* End PBXSourcesBuildPhase section */

/* Begin PBXVariantGroup section */
		F21EFCAD147E401C00ED7E62 /* InfoPlist.strings */ = {
			isa = PBXVariantGroup;
			children = (
				F21EFCAE147E401C00ED7E62 /* en */,
			);
			name = InfoPlist.strings;
			sourceTree = "<group>";
		};
		F21EFCB6147E401C00ED7E62 /* MainStoryboard.storyboard */ = {
			isa = PBXVariantGroup;
			children = (
				F21EFCB7147E401C00ED7E62 /* en */,
			);
			name = MainStoryboard.storyboard;
			sourceTree = "<group>";
		};
/* End PBXVariantGroup section */

/* Begin XCBuildConfiguration section */
		F21EFCBC147E401C00ED7E62 /* Debug */ = {
			isa = XCBuildConfiguration;
			buildSettings = {
				ALWAYS_SEARCH_USER_PATHS = NO;
				ARCHS = "$(ARCHS_STANDARD_32_BIT)";
				CODE_SIGN_IDENTITY = "iPhone Developer";
				"CODE_SIGN_IDENTITY[sdk=iphoneos*]" = "iPhone Developer";
				COPY_PHASE_STRIP = NO;
				GCC_C_LANGUAGE_STANDARD = gnu99;
				GCC_DYNAMIC_NO_PIC = NO;
				GCC_OPTIMIZATION_LEVEL = 0;
				GCC_PREPROCESSOR_DEFINITIONS = (
					"DEBUG=1",
					"$(inherited)",
				);
				GCC_SYMBOLS_PRIVATE_EXTERN = NO;
				GCC_VERSION = com.apple.compilers.llvm.clang.1_0;
				GCC_WARN_ABOUT_MISSING_PROTOTYPES = YES;
				GCC_WARN_ABOUT_RETURN_TYPE = YES;
				GCC_WARN_UNUSED_VARIABLE = YES;
				IPHONEOS_DEPLOYMENT_TARGET = 5.0;
				PROVISIONING_PROFILE = "";
				SDKROOT = iphoneos;
			};
			name = Debug;
		};
		F21EFCBD147E401C00ED7E62 /* Release */ = {
			isa = XCBuildConfiguration;
			buildSettings = {
				ALWAYS_SEARCH_USER_PATHS = NO;
				ARCHS = "$(ARCHS_STANDARD_32_BIT)";
				CODE_SIGN_IDENTITY = "iPhone Developer";
				"CODE_SIGN_IDENTITY[sdk=iphoneos*]" = "iPhone Developer";
				COPY_PHASE_STRIP = YES;
				GCC_C_LANGUAGE_STANDARD = gnu99;
				GCC_VERSION = com.apple.compilers.llvm.clang.1_0;
				GCC_WARN_ABOUT_MISSING_PROTOTYPES = YES;
				GCC_WARN_ABOUT_RETURN_TYPE = YES;
				GCC_WARN_UNUSED_VARIABLE = YES;
				IPHONEOS_DEPLOYMENT_TARGET = 5.0;
				OTHER_CFLAGS = "-DNS_BLOCK_ASSERTIONS=1";
				PROVISIONING_PROFILE = "";
				SDKROOT = iphoneos;
				VALIDATE_PRODUCT = YES;
			};
			name = Release;
		};
		F21EFCBF147E401C00ED7E62 /* Debug */ = {
			isa = XCBuildConfiguration;
			buildSettings = {
				GCC_PRECOMPILE_PREFIX_HEADER = YES;
				GCC_PREFIX_HEADER = "PullDemo/PullDemo-Prefix.pch";
				INFOPLIST_FILE = "PullDemo/PullDemo-Info.plist";
				PRODUCT_NAME = "$(TARGET_NAME)";
				WRAPPER_EXTENSION = app;
			};
			name = Debug;
		};
		F21EFCC0147E401C00ED7E62 /* Release */ = {
			isa = XCBuildConfiguration;
			buildSettings = {
				GCC_PRECOMPILE_PREFIX_HEADER = YES;
				GCC_PREFIX_HEADER = "PullDemo/PullDemo-Prefix.pch";
				INFOPLIST_FILE = "PullDemo/PullDemo-Info.plist";
				PRODUCT_NAME = "$(TARGET_NAME)";
				WRAPPER_EXTENSION = app;
			};
			name = Release;
		};
/* End XCBuildConfiguration section */

/* Begin XCConfigurationList section */
		F21EFC9A147E401B00ED7E62 /* Build configuration list for PBXProject "PullDemo" */ = {
			isa = XCConfigurationList;
			buildConfigurations = (
				F21EFCBC147E401C00ED7E62 /* Debug */,
				F21EFCBD147E401C00ED7E62 /* Release */,
			);
			defaultConfigurationIsVisible = 0;
			defaultConfigurationName = Release;
		};
		F21EFCBE147E401C00ED7E62 /* Build configuration list for PBXNativeTarget "PullDemo" */ = {
			isa = XCConfigurationList;
			buildConfigurations = (
				F21EFCBF147E401C00ED7E62 /* Debug */,
				F21EFCC0147E401C00ED7E62 /* Release */,
			);
			defaultConfigurationIsVisible = 0;
			defaultConfigurationName = Release;
		};
/* End XCConfigurationList section */
	};
	rootObject = F21EFC97147E401B00ED7E62 /* Project object */;
}
