// !$*UTF8*$!
{
	archiveVersion = 1;
	classes = {
	};
	objectVersion = 46;
	objects = {

/* Begin PBXBuildFile section */
		0AD76699152E5CC800801DD4 /* RefreshTable.bundle in Resources */ = {isa = PBXBuildFile; fileRef = 0AD76697152E5CC700801DD4 /* RefreshTable.bundle */; };
		0AD7669A152E5CC800801DD4 /* TabBarController.bundle in Resources */ = {isa = PBXBuildFile; fileRef = 0AD76698152E5CC800801DD4 /* TabBarController.bundle */; };
		B8A2B0C814A6D24C00738A23 /* UserCenter.m in Sources */ = {isa = PBXBuildFile; fileRef = B8A2B0C614A6D24800738A23 /* UserCenter.m */; };
		B8A2B0C914A6D24C00738A23 /* UserCenter.xib in Resources */ = {isa = PBXBuildFile; fileRef = B8A2B0C714A6D24900738A23 /* UserCenter.xib */; };
		B8A2B0E114A6E29600738A23 /* EXViewController.m in Sources */ = {isa = PBXBuildFile; fileRef = B8A2B0E014A6E29500738A23 /* EXViewController.m */; };
		B8A4FC1914A6B55F003FE4A7 /* UIKit.framework in Frameworks */ = {isa = PBXBuildFile; fileRef = B8A4FC1814A6B55F003FE4A7 /* UIKit.framework */; };
		B8A4FC1B14A6B55F003FE4A7 /* Foundation.framework in Frameworks */ = {isa = PBXBuildFile; fileRef = B8A4FC1A14A6B55F003FE4A7 /* Foundation.framework */; };
		B8A4FC1D14A6B55F003FE4A7 /* CoreGraphics.framework in Frameworks */ = {isa = PBXBuildFile; fileRef = B8A4FC1C14A6B55F003FE4A7 /* CoreGraphics.framework */; };
		B8A4FC1F14A6B55F003FE4A7 /* CoreData.framework in Frameworks */ = {isa = PBXBuildFile; fileRef = B8A4FC1E14A6B55F003FE4A7 /* CoreData.framework */; };
		B8A4FC2514A6B55F003FE4A7 /* InfoPlist.strings in Resources */ = {isa = PBXBuildFile; fileRef = B8A4FC2314A6B55F003FE4A7 /* InfoPlist.strings */; };
		B8A4FC2714A6B55F003FE4A7 /* main.m in Sources */ = {isa = PBXBuildFile; fileRef = B8A4FC2614A6B55F003FE4A7 /* main.m */; };
		B8A4FC2B14A6B55F003FE4A7 /* FZAppDelegate.m in Sources */ = {isa = PBXBuildFile; fileRef = B8A4FC2A14A6B55F003FE4A7 /* FZAppDelegate.m */; };
		B8A4FC2E14A6B55F003FE4A7 /* FengZi.xcdatamodeld in Sources */ = {isa = PBXBuildFile; fileRef = B8A4FC2C14A6B55F003FE4A7 /* FengZi.xcdatamodeld */; };
		B8A4FC3614A6B6B4003FE4A7 /* iOSApi.framework in Frameworks */ = {isa = PBXBuildFile; fileRef = B8A4FC3414A6B6B4003FE4A7 /* iOSApi.framework */; };
		B8A4FC3C14A6BB3B003FE4A7 /* libsqlite3.dylib in Frameworks */ = {isa = PBXBuildFile; fileRef = B8A4FC3B14A6BB3B003FE4A7 /* libsqlite3.dylib */; };
		B8A4FC4214A6BBC9003FE4A7 /* AVFoundation.framework in Frameworks */ = {isa = PBXBuildFile; fileRef = B8A4FC3D14A6BBC9003FE4A7 /* AVFoundation.framework */; };
		B8A4FC4314A6BBC9003FE4A7 /* CFNetwork.framework in Frameworks */ = {isa = PBXBuildFile; fileRef = B8A4FC3E14A6BBC9003FE4A7 /* CFNetwork.framework */; };
		B8A4FC4414A6BBC9003FE4A7 /* CoreLocation.framework in Frameworks */ = {isa = PBXBuildFile; fileRef = B8A4FC3F14A6BBC9003FE4A7 /* CoreLocation.framework */; };
		B8A4FC4514A6BBC9003FE4A7 /* CoreMedia.framework in Frameworks */ = {isa = PBXBuildFile; fileRef = B8A4FC4014A6BBC9003FE4A7 /* CoreMedia.framework */; };
		B8A4FC4614A6BBC9003FE4A7 /* CoreTelephony.framework in Frameworks */ = {isa = PBXBuildFile; fileRef = B8A4FC4114A6BBC9003FE4A7 /* CoreTelephony.framework */; };
		B8A4FC4814A6BBFE003FE4A7 /* libiconv.dylib in Frameworks */ = {isa = PBXBuildFile; fileRef = B8A4FC4714A6BBFE003FE4A7 /* libiconv.dylib */; };
		B8A4FC4A14A6BC56003FE4A7 /* QuartzCore.framework in Frameworks */ = {isa = PBXBuildFile; fileRef = B8A4FC4914A6BC56003FE4A7 /* QuartzCore.framework */; };
		B8A4FC5114A6BCA9003FE4A7 /* CoreVideo.framework in Frameworks */ = {isa = PBXBuildFile; fileRef = B8A4FC4D14A6BCA9003FE4A7 /* CoreVideo.framework */; };
		B8A4FC5214A6BCA9003FE4A7 /* libxml2.dylib in Frameworks */ = {isa = PBXBuildFile; fileRef = B8A4FC4E14A6BCA9003FE4A7 /* libxml2.dylib */; };
		B8A4FC5314A6BCA9003FE4A7 /* libz.dylib in Frameworks */ = {isa = PBXBuildFile; fileRef = B8A4FC4F14A6BCA9003FE4A7 /* libz.dylib */; };
		B8A4FC5414A6BCA9003FE4A7 /* MessageUI.framework in Frameworks */ = {isa = PBXBuildFile; fileRef = B8A4FC5014A6BCA9003FE4A7 /* MessageUI.framework */; };
		B8A4FC5614A6BCFB003FE4A7 /* SystemConfiguration.framework in Frameworks */ = {isa = PBXBuildFile; fileRef = B8A4FC5514A6BCFB003FE4A7 /* SystemConfiguration.framework */; };
		B8A4FC5814A6BDF7003FE4A7 /* MobileCoreServices.framework in Frameworks */ = {isa = PBXBuildFile; fileRef = B8A4FC5714A6BDF7003FE4A7 /* MobileCoreServices.framework */; };
		B8F6998014A7058C004C1671 /* iOSUtil.framework in Frameworks */ = {isa = PBXBuildFile; fileRef = B8A4FC3514A6B6B4003FE4A7 /* iOSUtil.framework */; };
		B8F69A0214A772F4004C1671 /* decode-selected.png in Resources */ = {isa = PBXBuildFile; fileRef = B8F699FE14A772F4004C1671 /* decode-selected.png */; };
		B8F69A0314A772F4004C1671 /* decode.png in Resources */ = {isa = PBXBuildFile; fileRef = B8F699FF14A772F4004C1671 /* decode.png */; };
		B8F69A0414A772F4004C1671 /* encode-selected.png in Resources */ = {isa = PBXBuildFile; fileRef = B8F69A0014A772F4004C1671 /* encode-selected.png */; };
		B8F69A1214A780DA004C1671 /* favirote-selected.png in Resources */ = {isa = PBXBuildFile; fileRef = B8F69A0C14A780D7004C1671 /* favirote-selected.png */; };
		B8F69A1314A780DA004C1671 /* favirote.png in Resources */ = {isa = PBXBuildFile; fileRef = B8F69A0D14A780D8004C1671 /* favirote.png */; };
		B8F69A1414A780DA004C1671 /* history-selected.png in Resources */ = {isa = PBXBuildFile; fileRef = B8F69A0E14A780D9004C1671 /* history-selected.png */; };
		B8F69A1514A780DA004C1671 /* history.png in Resources */ = {isa = PBXBuildFile; fileRef = B8F69A0F14A780D9004C1671 /* history.png */; };
		B8F69A1614A780DA004C1671 /* more-selected.png in Resources */ = {isa = PBXBuildFile; fileRef = B8F69A1014A780D9004C1671 /* more-selected.png */; };
		B8F69A1714A780DA004C1671 /* more.png in Resources */ = {isa = PBXBuildFile; fileRef = B8F69A1114A780DA004C1671 /* more.png */; };
		B8F69A1914A7817E004C1671 /* encode.png in Resources */ = {isa = PBXBuildFile; fileRef = B8F69A1814A7817D004C1671 /* encode.png */; };
		B8F69A1C14A781CB004C1671 /* ucenter-selected.png in Resources */ = {isa = PBXBuildFile; fileRef = B8F69A1A14A781C9004C1671 /* ucenter-selected.png */; };
		B8F69A1D14A781CB004C1671 /* ucenter.png in Resources */ = {isa = PBXBuildFile; fileRef = B8F69A1B14A781CA004C1671 /* ucenter.png */; };
/* End PBXBuildFile section */

/* Begin PBXFileReference section */
		0AD76697152E5CC700801DD4 /* RefreshTable.bundle */ = {isa = PBXFileReference; lastKnownFileType = "wrapper.plug-in"; path = RefreshTable.bundle; sourceTree = "<group>"; };
		0AD76698152E5CC800801DD4 /* TabBarController.bundle */ = {isa = PBXFileReference; lastKnownFileType = "wrapper.plug-in"; path = TabBarController.bundle; sourceTree = "<group>"; };
		B8A2B0C514A6D24800738A23 /* UserCenter.h */ = {isa = PBXFileReference; fileEncoding = 4; lastKnownFileType = sourcecode.c.h; path = UserCenter.h; sourceTree = "<group>"; };
		B8A2B0C614A6D24800738A23 /* UserCenter.m */ = {isa = PBXFileReference; fileEncoding = 4; lastKnownFileType = sourcecode.c.objc; path = UserCenter.m; sourceTree = "<group>"; };
		B8A2B0C714A6D24900738A23 /* UserCenter.xib */ = {isa = PBXFileReference; fileEncoding = 4; lastKnownFileType = file.xib; path = UserCenter.xib; sourceTree = "<group>"; };
		B8A2B0DF14A6E29400738A23 /* EXViewController.h */ = {isa = PBXFileReference; fileEncoding = 4; lastKnownFileType = sourcecode.c.h; path = EXViewController.h; sourceTree = "<group>"; };
		B8A2B0E014A6E29500738A23 /* EXViewController.m */ = {isa = PBXFileReference; fileEncoding = 4; lastKnownFileType = sourcecode.c.objc; path = EXViewController.m; sourceTree = "<group>"; };
		B8A4FC1414A6B55F003FE4A7 /* FengZi.app */ = {isa = PBXFileReference; explicitFileType = wrapper.application; includeInIndex = 0; path = FengZi.app; sourceTree = BUILT_PRODUCTS_DIR; };
		B8A4FC1814A6B55F003FE4A7 /* UIKit.framework */ = {isa = PBXFileReference; lastKnownFileType = wrapper.framework; name = UIKit.framework; path = System/Library/Frameworks/UIKit.framework; sourceTree = SDKROOT; };
		B8A4FC1A14A6B55F003FE4A7 /* Foundation.framework */ = {isa = PBXFileReference; lastKnownFileType = wrapper.framework; name = Foundation.framework; path = System/Library/Frameworks/Foundation.framework; sourceTree = SDKROOT; };
		B8A4FC1C14A6B55F003FE4A7 /* CoreGraphics.framework */ = {isa = PBXFileReference; lastKnownFileType = wrapper.framework; name = CoreGraphics.framework; path = System/Library/Frameworks/CoreGraphics.framework; sourceTree = SDKROOT; };
		B8A4FC1E14A6B55F003FE4A7 /* CoreData.framework */ = {isa = PBXFileReference; lastKnownFileType = wrapper.framework; name = CoreData.framework; path = System/Library/Frameworks/CoreData.framework; sourceTree = SDKROOT; };
		B8A4FC2214A6B55F003FE4A7 /* FengZi-Info.plist */ = {isa = PBXFileReference; lastKnownFileType = text.plist.xml; path = "FengZi-Info.plist"; sourceTree = "<group>"; };
		B8A4FC2414A6B55F003FE4A7 /* en */ = {isa = PBXFileReference; lastKnownFileType = text.plist.strings; name = en; path = en.lproj/InfoPlist.strings; sourceTree = "<group>"; };
		B8A4FC2614A6B55F003FE4A7 /* main.m */ = {isa = PBXFileReference; lastKnownFileType = sourcecode.c.objc; path = main.m; sourceTree = "<group>"; };
		B8A4FC2814A6B55F003FE4A7 /* FengZi-Prefix.pch */ = {isa = PBXFileReference; lastKnownFileType = sourcecode.c.h; path = "FengZi-Prefix.pch"; sourceTree = "<group>"; };
		B8A4FC2914A6B55F003FE4A7 /* FZAppDelegate.h */ = {isa = PBXFileReference; lastKnownFileType = sourcecode.c.h; path = FZAppDelegate.h; sourceTree = "<group>"; };
		B8A4FC2A14A6B55F003FE4A7 /* FZAppDelegate.m */ = {isa = PBXFileReference; lastKnownFileType = sourcecode.c.objc; path = FZAppDelegate.m; sourceTree = "<group>"; };
		B8A4FC2D14A6B55F003FE4A7 /* FengZi.xcdatamodel */ = {isa = PBXFileReference; lastKnownFileType = wrapper.xcdatamodel; path = FengZi.xcdatamodel; sourceTree = "<group>"; };
		B8A4FC3414A6B6B4003FE4A7 /* iOSApi.framework */ = {isa = PBXFileReference; lastKnownFileType = wrapper.framework; name = iOSApi.framework; path = ../../../../runtime/SDK/iOSApi.framework; sourceTree = "<group>"; };
		B8A4FC3514A6B6B4003FE4A7 /* iOSUtil.framework */ = {isa = PBXFileReference; lastKnownFileType = wrapper.framework; name = iOSUtil.framework; path = ../../../../runtime/SDK/iOSUtil.framework; sourceTree = "<group>"; };
		B8A4FC3B14A6BB3B003FE4A7 /* libsqlite3.dylib */ = {isa = PBXFileReference; lastKnownFileType = "compiled.mach-o.dylib"; name = libsqlite3.dylib; path = usr/lib/libsqlite3.dylib; sourceTree = SDKROOT; };
		B8A4FC3D14A6BBC9003FE4A7 /* AVFoundation.framework */ = {isa = PBXFileReference; lastKnownFileType = wrapper.framework; name = AVFoundation.framework; path = System/Library/Frameworks/AVFoundation.framework; sourceTree = SDKROOT; };
		B8A4FC3E14A6BBC9003FE4A7 /* CFNetwork.framework */ = {isa = PBXFileReference; lastKnownFileType = wrapper.framework; name = CFNetwork.framework; path = System/Library/Frameworks/CFNetwork.framework; sourceTree = SDKROOT; };
		B8A4FC3F14A6BBC9003FE4A7 /* CoreLocation.framework */ = {isa = PBXFileReference; lastKnownFileType = wrapper.framework; name = CoreLocation.framework; path = System/Library/Frameworks/CoreLocation.framework; sourceTree = SDKROOT; };
		B8A4FC4014A6BBC9003FE4A7 /* CoreMedia.framework */ = {isa = PBXFileReference; lastKnownFileType = wrapper.framework; name = CoreMedia.framework; path = System/Library/Frameworks/CoreMedia.framework; sourceTree = SDKROOT; };
		B8A4FC4114A6BBC9003FE4A7 /* CoreTelephony.framework */ = {isa = PBXFileReference; lastKnownFileType = wrapper.framework; name = CoreTelephony.framework; path = System/Library/Frameworks/CoreTelephony.framework; sourceTree = SDKROOT; };
		B8A4FC4714A6BBFE003FE4A7 /* libiconv.dylib */ = {isa = PBXFileReference; lastKnownFileType = "compiled.mach-o.dylib"; name = libiconv.dylib; path = usr/lib/libiconv.dylib; sourceTree = SDKROOT; };
		B8A4FC4914A6BC56003FE4A7 /* QuartzCore.framework */ = {isa = PBXFileReference; lastKnownFileType = wrapper.framework; name = QuartzCore.framework; path = System/Library/Frameworks/QuartzCore.framework; sourceTree = SDKROOT; };
		B8A4FC4D14A6BCA9003FE4A7 /* CoreVideo.framework */ = {isa = PBXFileReference; lastKnownFileType = wrapper.framework; name = CoreVideo.framework; path = System/Library/Frameworks/CoreVideo.framework; sourceTree = SDKROOT; };
		B8A4FC4E14A6BCA9003FE4A7 /* libxml2.dylib */ = {isa = PBXFileReference; lastKnownFileType = "compiled.mach-o.dylib"; name = libxml2.dylib; path = usr/lib/libxml2.dylib; sourceTree = SDKROOT; };
		B8A4FC4F14A6BCA9003FE4A7 /* libz.dylib */ = {isa = PBXFileReference; lastKnownFileType = "compiled.mach-o.dylib"; name = libz.dylib; path = usr/lib/libz.dylib; sourceTree = SDKROOT; };
		B8A4FC5014A6BCA9003FE4A7 /* MessageUI.framework */ = {isa = PBXFileReference; lastKnownFileType = wrapper.framework; name = MessageUI.framework; path = System/Library/Frameworks/MessageUI.framework; sourceTree = SDKROOT; };
		B8A4FC5514A6BCFB003FE4A7 /* SystemConfiguration.framework */ = {isa = PBXFileReference; lastKnownFileType = wrapper.framework; name = SystemConfiguration.framework; path = System/Library/Frameworks/SystemConfiguration.framework; sourceTree = SDKROOT; };
		B8A4FC5714A6BDF7003FE4A7 /* MobileCoreServices.framework */ = {isa = PBXFileReference; lastKnownFileType = wrapper.framework; name = MobileCoreServices.framework; path = System/Library/Frameworks/MobileCoreServices.framework; sourceTree = SDKROOT; };
		B8F699FE14A772F4004C1671 /* decode-selected.png */ = {isa = PBXFileReference; lastKnownFileType = image.png; path = "decode-selected.png"; sourceTree = "<group>"; };
		B8F699FF14A772F4004C1671 /* decode.png */ = {isa = PBXFileReference; lastKnownFileType = image.png; path = decode.png; sourceTree = "<group>"; };
		B8F69A0014A772F4004C1671 /* encode-selected.png */ = {isa = PBXFileReference; lastKnownFileType = image.png; path = "encode-selected.png"; sourceTree = "<group>"; };
		B8F69A0C14A780D7004C1671 /* favirote-selected.png */ = {isa = PBXFileReference; lastKnownFileType = image.png; path = "favirote-selected.png"; sourceTree = "<group>"; };
		B8F69A0D14A780D8004C1671 /* favirote.png */ = {isa = PBXFileReference; lastKnownFileType = image.png; path = favirote.png; sourceTree = "<group>"; };
		B8F69A0E14A780D9004C1671 /* history-selected.png */ = {isa = PBXFileReference; lastKnownFileType = image.png; path = "history-selected.png"; sourceTree = "<group>"; };
		B8F69A0F14A780D9004C1671 /* history.png */ = {isa = PBXFileReference; lastKnownFileType = image.png; path = history.png; sourceTree = "<group>"; };
		B8F69A1014A780D9004C1671 /* more-selected.png */ = {isa = PBXFileReference; lastKnownFileType = image.png; path = "more-selected.png"; sourceTree = "<group>"; };
		B8F69A1114A780DA004C1671 /* more.png */ = {isa = PBXFileReference; lastKnownFileType = image.png; path = more.png; sourceTree = "<group>"; };
		B8F69A1814A7817D004C1671 /* encode.png */ = {isa = PBXFileReference; lastKnownFileType = image.png; path = encode.png; sourceTree = "<group>"; };
		B8F69A1A14A781C9004C1671 /* ucenter-selected.png */ = {isa = PBXFileReference; lastKnownFileType = image.png; path = "ucenter-selected.png"; sourceTree = "<group>"; };
		B8F69A1B14A781CA004C1671 /* ucenter.png */ = {isa = PBXFileReference; lastKnownFileType = image.png; path = ucenter.png; sourceTree = "<group>"; };
/* End PBXFileReference section */

/* Begin PBXFrameworksBuildPhase section */
		B8A4FC1114A6B55F003FE4A7 /* Frameworks */ = {
			isa = PBXFrameworksBuildPhase;
			buildActionMask = 2147483647;
			files = (
				B8F6998014A7058C004C1671 /* iOSUtil.framework in Frameworks */,
				B8A4FC5814A6BDF7003FE4A7 /* MobileCoreServices.framework in Frameworks */,
				B8A4FC1D14A6B55F003FE4A7 /* CoreGraphics.framework in Frameworks */,
				B8A4FC5614A6BCFB003FE4A7 /* SystemConfiguration.framework in Frameworks */,
				B8A4FC5114A6BCA9003FE4A7 /* CoreVideo.framework in Frameworks */,
				B8A4FC5214A6BCA9003FE4A7 /* libxml2.dylib in Frameworks */,
				B8A4FC5314A6BCA9003FE4A7 /* libz.dylib in Frameworks */,
				B8A4FC5414A6BCA9003FE4A7 /* MessageUI.framework in Frameworks */,
				B8A4FC4A14A6BC56003FE4A7 /* QuartzCore.framework in Frameworks */,
				B8A4FC4814A6BBFE003FE4A7 /* libiconv.dylib in Frameworks */,
				B8A4FC4214A6BBC9003FE4A7 /* AVFoundation.framework in Frameworks */,
				B8A4FC4314A6BBC9003FE4A7 /* CFNetwork.framework in Frameworks */,
				B8A4FC4414A6BBC9003FE4A7 /* CoreLocation.framework in Frameworks */,
				B8A4FC4514A6BBC9003FE4A7 /* CoreMedia.framework in Frameworks */,
				B8A4FC4614A6BBC9003FE4A7 /* CoreTelephony.framework in Frameworks */,
				B8A4FC1F14A6B55F003FE4A7 /* CoreData.framework in Frameworks */,
				B8A4FC3C14A6BB3B003FE4A7 /* libsqlite3.dylib in Frameworks */,
				B8A4FC3614A6B6B4003FE4A7 /* iOSApi.framework in Frameworks */,
				B8A4FC1914A6B55F003FE4A7 /* UIKit.framework in Frameworks */,
				B8A4FC1B14A6B55F003FE4A7 /* Foundation.framework in Frameworks */,
			);
			runOnlyForDeploymentPostprocessing = 0;
		};
/* End PBXFrameworksBuildPhase section */

/* Begin PBXGroup section */
		B8A2B0CC14A6D74E00738A23 /* Resources */ = {
			isa = PBXGroup;
			children = (
				0AD76697152E5CC700801DD4 /* RefreshTable.bundle */,
				0AD76698152E5CC800801DD4 /* TabBarController.bundle */,
				B8A2B0CD14A6D75F00738A23 /* images */,
			);
			path = Resources;
			sourceTree = "<group>";
		};
		B8A2B0CD14A6D75F00738A23 /* images */ = {
			isa = PBXGroup;
			children = (
				B8F699EF14A77112004C1671 /* tab */,
			);
			path = images;
			sourceTree = "<group>";
		};
		B8A4FC0914A6B55E003FE4A7 = {
			isa = PBXGroup;
			children = (
				B8A2B0CC14A6D74E00738A23 /* Resources */,
				B8A4FC2014A6B55F003FE4A7 /* FengZi */,
				B8A4FC1714A6B55F003FE4A7 /* Frameworks */,
				B8A4FC1514A6B55F003FE4A7 /* Products */,
			);
			sourceTree = "<group>";
		};
		B8A4FC1514A6B55F003FE4A7 /* Products */ = {
			isa = PBXGroup;
			children = (
				B8A4FC1414A6B55F003FE4A7 /* FengZi.app */,
			);
			name = Products;
			sourceTree = "<group>";
		};
		B8A4FC1714A6B55F003FE4A7 /* Frameworks */ = {
			isa = PBXGroup;
			children = (
				B8A4FC3414A6B6B4003FE4A7 /* iOSApi.framework */,
				B8A4FC3514A6B6B4003FE4A7 /* iOSUtil.framework */,
				B8A4FC3D14A6BBC9003FE4A7 /* AVFoundation.framework */,
				B8A4FC3E14A6BBC9003FE4A7 /* CFNetwork.framework */,
				B8A4FC1E14A6B55F003FE4A7 /* CoreData.framework */,
				B8A4FC1C14A6B55F003FE4A7 /* CoreGraphics.framework */,
				B8A4FC4114A6BBC9003FE4A7 /* CoreTelephony.framework */,
				B8A4FC4D14A6BCA9003FE4A7 /* CoreVideo.framework */,
				B8A4FC3F14A6BBC9003FE4A7 /* CoreLocation.framework */,
				B8A4FC4014A6BBC9003FE4A7 /* CoreMedia.framework */,
				B8A4FC1A14A6B55F003FE4A7 /* Foundation.framework */,
				B8A4FC5014A6BCA9003FE4A7 /* MessageUI.framework */,
				B8A4FC5714A6BDF7003FE4A7 /* MobileCoreServices.framework */,
				B8A4FC4914A6BC56003FE4A7 /* QuartzCore.framework */,
				B8A4FC1814A6B55F003FE4A7 /* UIKit.framework */,
				B8A4FC5514A6BCFB003FE4A7 /* SystemConfiguration.framework */,
				B8A4FC3B14A6BB3B003FE4A7 /* libsqlite3.dylib */,
				B8A4FC4714A6BBFE003FE4A7 /* libiconv.dylib */,
				B8A4FC4E14A6BCA9003FE4A7 /* libxml2.dylib */,
				B8A4FC4F14A6BCA9003FE4A7 /* libz.dylib */,
			);
			name = Frameworks;
			sourceTree = "<group>";
		};
		B8A4FC2014A6B55F003FE4A7 /* FengZi */ = {
			isa = PBXGroup;
			children = (
				B8A2B0DF14A6E29400738A23 /* EXViewController.h */,
				B8A2B0E014A6E29500738A23 /* EXViewController.m */,
				B8A4FC2914A6B55F003FE4A7 /* FZAppDelegate.h */,
				B8A4FC2A14A6B55F003FE4A7 /* FZAppDelegate.m */,
				B8A4FC2C14A6B55F003FE4A7 /* FengZi.xcdatamodeld */,
				B8A4FC2114A6B55F003FE4A7 /* Supporting Files */,
				B8A2B0C514A6D24800738A23 /* UserCenter.h */,
				B8A2B0C614A6D24800738A23 /* UserCenter.m */,
				B8A2B0C714A6D24900738A23 /* UserCenter.xib */,
			);
			path = FengZi;
			sourceTree = "<group>";
		};
		B8A4FC2114A6B55F003FE4A7 /* Supporting Files */ = {
			isa = PBXGroup;
			children = (
				B8A4FC2214A6B55F003FE4A7 /* FengZi-Info.plist */,
				B8A4FC2314A6B55F003FE4A7 /* InfoPlist.strings */,
				B8A4FC2614A6B55F003FE4A7 /* main.m */,
				B8A4FC2814A6B55F003FE4A7 /* FengZi-Prefix.pch */,
			);
			name = "Supporting Files";
			sourceTree = "<group>";
		};
		B8F699EF14A77112004C1671 /* tab */ = {
			isa = PBXGroup;
			children = (
				B8F69A1A14A781C9004C1671 /* ucenter-selected.png */,
				B8F69A1B14A781CA004C1671 /* ucenter.png */,
				B8F69A0C14A780D7004C1671 /* favirote-selected.png */,
				B8F69A0D14A780D8004C1671 /* favirote.png */,
				B8F69A0E14A780D9004C1671 /* history-selected.png */,
				B8F69A0F14A780D9004C1671 /* history.png */,
				B8F69A1014A780D9004C1671 /* more-selected.png */,
				B8F69A1114A780DA004C1671 /* more.png */,
				B8F699FE14A772F4004C1671 /* decode-selected.png */,
				B8F699FF14A772F4004C1671 /* decode.png */,
				B8F69A1814A7817D004C1671 /* encode.png */,
				B8F69A0014A772F4004C1671 /* encode-selected.png */,
			);
			path = tab;
			sourceTree = "<group>";
		};
/* End PBXGroup section */

/* Begin PBXNativeTarget section */
		B8A4FC1314A6B55F003FE4A7 /* FengZi */ = {
			isa = PBXNativeTarget;
			buildConfigurationList = B8A4FC3114A6B55F003FE4A7 /* Build configuration list for PBXNativeTarget "FengZi" */;
			buildPhases = (
				B8A4FC1014A6B55F003FE4A7 /* Sources */,
				B8A4FC1114A6B55F003FE4A7 /* Frameworks */,
				B8A4FC1214A6B55F003FE4A7 /* Resources */,
			);
			buildRules = (
			);
			dependencies = (
			);
			name = FengZi;
			productName = FengZi;
			productReference = B8A4FC1414A6B55F003FE4A7 /* FengZi.app */;
			productType = "com.apple.product-type.application";
		};
/* End PBXNativeTarget section */

/* Begin PBXProject section */
		B8A4FC0B14A6B55E003FE4A7 /* Project object */ = {
			isa = PBXProject;
			attributes = {
				LastUpgradeCheck = 0430;
				ORGANIZATIONNAME = fengxiafei.com;
			};
			buildConfigurationList = B8A4FC0E14A6B55E003FE4A7 /* Build configuration list for PBXProject "FengZi" */;
			compatibilityVersion = "Xcode 3.2";
			developmentRegion = English;
			hasScannedForEncodings = 0;
			knownRegions = (
				en,
			);
			mainGroup = B8A4FC0914A6B55E003FE4A7;
			productRefGroup = B8A4FC1514A6B55F003FE4A7 /* Products */;
			projectDirPath = "";
			projectRoot = "";
			targets = (
				B8A4FC1314A6B55F003FE4A7 /* FengZi */,
			);
		};
/* End PBXProject section */

/* Begin PBXResourcesBuildPhase section */
		B8A4FC1214A6B55F003FE4A7 /* Resources */ = {
			isa = PBXResourcesBuildPhase;
			buildActionMask = 2147483647;
			files = (
				B8A4FC2514A6B55F003FE4A7 /* InfoPlist.strings in Resources */,
				B8A2B0C914A6D24C00738A23 /* UserCenter.xib in Resources */,
				B8F69A0214A772F4004C1671 /* decode-selected.png in Resources */,
				B8F69A0314A772F4004C1671 /* decode.png in Resources */,
				B8F69A0414A772F4004C1671 /* encode-selected.png in Resources */,
				B8F69A1214A780DA004C1671 /* favirote-selected.png in Resources */,
				B8F69A1314A780DA004C1671 /* favirote.png in Resources */,
				B8F69A1414A780DA004C1671 /* history-selected.png in Resources */,
				B8F69A1514A780DA004C1671 /* history.png in Resources */,
				B8F69A1614A780DA004C1671 /* more-selected.png in Resources */,
				B8F69A1714A780DA004C1671 /* more.png in Resources */,
				B8F69A1914A7817E004C1671 /* encode.png in Resources */,
				B8F69A1C14A781CB004C1671 /* ucenter-selected.png in Resources */,
				B8F69A1D14A781CB004C1671 /* ucenter.png in Resources */,
				0AD76699152E5CC800801DD4 /* RefreshTable.bundle in Resources */,
				0AD7669A152E5CC800801DD4 /* TabBarController.bundle in Resources */,
			);
			runOnlyForDeploymentPostprocessing = 0;
		};
/* End PBXResourcesBuildPhase section */

/* Begin PBXSourcesBuildPhase section */
		B8A4FC1014A6B55F003FE4A7 /* Sources */ = {
			isa = PBXSourcesBuildPhase;
			buildActionMask = 2147483647;
			files = (
				B8A4FC2714A6B55F003FE4A7 /* main.m in Sources */,
				B8A4FC2B14A6B55F003FE4A7 /* FZAppDelegate.m in Sources */,
				B8A4FC2E14A6B55F003FE4A7 /* FengZi.xcdatamodeld in Sources */,
				B8A2B0C814A6D24C00738A23 /* UserCenter.m in Sources */,
				B8A2B0E114A6E29600738A23 /* EXViewController.m in Sources */,
			);
			runOnlyForDeploymentPostprocessing = 0;
		};
/* End PBXSourcesBuildPhase section */

/* Begin PBXVariantGroup section */
		B8A4FC2314A6B55F003FE4A7 /* InfoPlist.strings */ = {
			isa = PBXVariantGroup;
			children = (
				B8A4FC2414A6B55F003FE4A7 /* en */,
			);
			name = InfoPlist.strings;
			sourceTree = "<group>";
		};
/* End PBXVariantGroup section */

/* Begin XCBuildConfiguration section */
		B8A4FC2F14A6B55F003FE4A7 /* Debug */ = {
			isa = XCBuildConfiguration;
			buildSettings = {
				ALWAYS_SEARCH_USER_PATHS = NO;
				ARCHS = (
					armv6,
					armv7,
					"$(ARCHS_STANDARD_32_BIT)",
				);
				"CODE_SIGN_IDENTITY[sdk=iphoneos*]" = "iPhone Developer";
				COPY_PHASE_STRIP = NO;
				GCC_C_LANGUAGE_STANDARD = c99;
				GCC_DYNAMIC_NO_PIC = NO;
				GCC_OPTIMIZATION_LEVEL = 0;
				GCC_PREPROCESSOR_DEFINITIONS = (
					"DEBUG=1",
					"$(inherited)",
				);
				GCC_SYMBOLS_PRIVATE_EXTERN = NO;
				GCC_THUMB_SUPPORT = NO;
				GCC_VERSION = com.apple.compilers.llvmgcc42;
				GCC_WARN_ABOUT_MISSING_PROTOTYPES = YES;
				GCC_WARN_ABOUT_RETURN_TYPE = YES;
				GCC_WARN_UNUSED_VARIABLE = YES;
				IPHONEOS_DEPLOYMENT_TARGET = 4.0;
				OTHER_LDFLAGS = "-ObjC";
				SDKROOT = iphoneos;
			};
			name = Debug;
		};
		B8A4FC3014A6B55F003FE4A7 /* Release */ = {
			isa = XCBuildConfiguration;
			buildSettings = {
				ALWAYS_SEARCH_USER_PATHS = NO;
				ARCHS = (
					armv6,
					armv7,
					"$(ARCHS_STANDARD_32_BIT)",
				);
				"CODE_SIGN_IDENTITY[sdk=iphoneos*]" = "iPhone Developer";
				COPY_PHASE_STRIP = YES;
				GCC_C_LANGUAGE_STANDARD = c99;
				GCC_THUMB_SUPPORT = NO;
				GCC_VERSION = com.apple.compilers.llvmgcc42;
				GCC_WARN_ABOUT_MISSING_PROTOTYPES = YES;
				GCC_WARN_ABOUT_RETURN_TYPE = YES;
				GCC_WARN_UNUSED_VARIABLE = YES;
				IPHONEOS_DEPLOYMENT_TARGET = 4.0;
				OTHER_CFLAGS = "-DNS_BLOCK_ASSERTIONS=1";
				OTHER_LDFLAGS = "-ObjC";
				SDKROOT = iphoneos;
				VALIDATE_PRODUCT = YES;
			};
			name = Release;
		};
		B8A4FC3214A6B55F003FE4A7 /* Debug */ = {
			isa = XCBuildConfiguration;
			buildSettings = {
				ARCHS = "$(ARCHS_STANDARD_32_BIT)";
				FRAMEWORK_SEARCH_PATHS = (
					"$(inherited)",
					"\"$(SRCROOT)/../../../../runtime/SDK\"",
				);
				GCC_C_LANGUAGE_STANDARD = c99;
				GCC_PRECOMPILE_PREFIX_HEADER = YES;
				GCC_PREFIX_HEADER = "FengZi/FengZi-Prefix.pch";
				GCC_THUMB_SUPPORT = NO;
				GCC_VERSION = "";
				INFOPLIST_FILE = "FengZi/FengZi-Info.plist";
				IPHONEOS_DEPLOYMENT_TARGET = 4.0;
				OTHER_LDFLAGS = "-ObjC";
				PRODUCT_NAME = "$(TARGET_NAME)";
				WRAPPER_EXTENSION = app;
			};
			name = Debug;
		};
		B8A4FC3314A6B55F003FE4A7 /* Release */ = {
			isa = XCBuildConfiguration;
			buildSettings = {
				ARCHS = "$(ARCHS_STANDARD_32_BIT)";
				FRAMEWORK_SEARCH_PATHS = (
					"$(inherited)",
					"\"$(SRCROOT)/../../../../runtime/SDK\"",
				);
				GCC_C_LANGUAGE_STANDARD = c99;
				GCC_PRECOMPILE_PREFIX_HEADER = YES;
				GCC_PREFIX_HEADER = "FengZi/FengZi-Prefix.pch";
				GCC_THUMB_SUPPORT = NO;
				GCC_VERSION = "";
				INFOPLIST_FILE = "FengZi/FengZi-Info.plist";
				IPHONEOS_DEPLOYMENT_TARGET = 4.0;
				OTHER_LDFLAGS = "-ObjC";
				PRODUCT_NAME = "$(TARGET_NAME)";
				WRAPPER_EXTENSION = app;
			};
			name = Release;
		};
/* End XCBuildConfiguration section */

/* Begin XCConfigurationList section */
		B8A4FC0E14A6B55E003FE4A7 /* Build configuration list for PBXProject "FengZi" */ = {
			isa = XCConfigurationList;
			buildConfigurations = (
				B8A4FC2F14A6B55F003FE4A7 /* Debug */,
				B8A4FC3014A6B55F003FE4A7 /* Release */,
			);
			defaultConfigurationIsVisible = 0;
			defaultConfigurationName = Release;
		};
		B8A4FC3114A6B55F003FE4A7 /* Build configuration list for PBXNativeTarget "FengZi" */ = {
			isa = XCConfigurationList;
			buildConfigurations = (
				B8A4FC3214A6B55F003FE4A7 /* Debug */,
				B8A4FC3314A6B55F003FE4A7 /* Release */,
			);
			defaultConfigurationIsVisible = 0;
			defaultConfigurationName = Release;
		};
/* End XCConfigurationList section */

/* Begin XCVersionGroup section */
		B8A4FC2C14A6B55F003FE4A7 /* FengZi.xcdatamodeld */ = {
			isa = XCVersionGroup;
			children = (
				B8A4FC2D14A6B55F003FE4A7 /* FengZi.xcdatamodel */,
			);
			currentVersion = B8A4FC2D14A6B55F003FE4A7 /* FengZi.xcdatamodel */;
			path = FengZi.xcdatamodeld;
			sourceTree = "<group>";
			versionGroupType = wrapper.xcdatamodel;
		};
/* End XCVersionGroup section */
	};
	rootObject = B8A4FC0B14A6B55E003FE4A7 /* Project object */;
}
